
Microsoft Visual Studio Solution File, Format Version 12.00
# Visual Studio 15
VisualStudioVersion = 15.0.26124.0
MinimumVisualStudioVersion = 15.0.26124.0
Project("{2150E333-8FDC-42A3-9474-1A3956D46DE8}") = "Src", "Src", "{0342637B-DB22-4387-85DD-ABD2CA23441E}"
EndProject
Project("{FAE04EC0-301F-11D3-BF4B-00C04F79EFBC}") = "Witsml", "Src\Witsml\Witsml.csproj", "{552B60B8-9E6B-4239-8A98-7E1BDC50891B}"
EndProject
Project("{2150E333-8FDC-42A3-9474-1A3956D46DE8}") = "Tests", "Tests", "{90C2BCE9-F00B-473B-AD85-00CD8D3B3780}"
EndProject
Project("{FAE04EC0-301F-11D3-BF4B-00C04F79EFBC}") = "WitsmlExplorer.IntegrationTests", "Tests\WitsmlExplorer.IntegrationTests\WitsmlExplorer.IntegrationTests.csproj", "{E07166A4-A329-4F04-B9FB-02EC0142914B}"
EndProject
Project("{FAE04EC0-301F-11D3-BF4B-00C04F79EFBC}") = "WitsmlExplorer.Api.Tests", "Tests\WitsmlExplorer.Api.Tests\WitsmlExplorer.Api.Tests.csproj", "{4978F7C3-4C05-47A7-AEE5-99B1B744E393}"
EndProject
Project("{FAE04EC0-301F-11D3-BF4B-00C04F79EFBC}") = "WitsmlExplorer.Api", "Src\WitsmlExplorer.Api\WitsmlExplorer.Api.csproj", "{0AD10731-0E27-4A95-9302-77B74D045DF9}"
EndProject
Project("{FAE04EC0-301F-11D3-BF4B-00C04F79EFBC}") = "WitsmlExplorer.Frontend", "Src\WitsmlExplorer.Frontend\WitsmlExplorer.Frontend.csproj", "{1EF3A8DF-40F1-4374-8DB1-FB94E03D17C0}"
EndProject
Project("{FAE04EC0-301F-11D3-BF4B-00C04F79EFBC}") = "WitsmlExplorer.Console", "Src\WitsmlExplorer.Console\WitsmlExplorer.Console.csproj", "{F4828D38-DF9A-4E06-B772-4789B67DFE47}"
EndProject
Project("{FAE04EC0-301F-11D3-BF4B-00C04F79EFBC}") = "Witsml.Tests", "Tests\Witsml.Tests\Witsml.Tests.csproj", "{FF500618-EAD4-4E04-8FD2-088EF7EBC013}"
EndProject
Global
	GlobalSection(SolutionConfigurationPlatforms) = preSolution
		Debug|Any CPU = Debug|Any CPU
		Debug|x64 = Debug|x64
		Debug|x86 = Debug|x86
		Release|Any CPU = Release|Any CPU
		Release|x64 = Release|x64
		Release|x86 = Release|x86
	EndGlobalSection
	GlobalSection(SolutionProperties) = preSolution
		HideSolutionNode = FALSE
	EndGlobalSection
	GlobalSection(ProjectConfigurationPlatforms) = postSolution
		{552B60B8-9E6B-4239-8A98-7E1BDC50891B}.Debug|Any CPU.ActiveCfg = Debug|Any CPU
		{552B60B8-9E6B-4239-8A98-7E1BDC50891B}.Debug|Any CPU.Build.0 = Debug|Any CPU
		{552B60B8-9E6B-4239-8A98-7E1BDC50891B}.Debug|x64.ActiveCfg = Debug|Any CPU
		{552B60B8-9E6B-4239-8A98-7E1BDC50891B}.Debug|x64.Build.0 = Debug|Any CPU
		{552B60B8-9E6B-4239-8A98-7E1BDC50891B}.Debug|x86.ActiveCfg = Debug|Any CPU
		{552B60B8-9E6B-4239-8A98-7E1BDC50891B}.Debug|x86.Build.0 = Debug|Any CPU
		{552B60B8-9E6B-4239-8A98-7E1BDC50891B}.Release|Any CPU.ActiveCfg = Release|Any CPU
		{552B60B8-9E6B-4239-8A98-7E1BDC50891B}.Release|Any CPU.Build.0 = Release|Any CPU
		{552B60B8-9E6B-4239-8A98-7E1BDC50891B}.Release|x64.ActiveCfg = Release|Any CPU
		{552B60B8-9E6B-4239-8A98-7E1BDC50891B}.Release|x64.Build.0 = Release|Any CPU
		{552B60B8-9E6B-4239-8A98-7E1BDC50891B}.Release|x86.ActiveCfg = Release|Any CPU
		{552B60B8-9E6B-4239-8A98-7E1BDC50891B}.Release|x86.Build.0 = Release|Any CPU
		{E07166A4-A329-4F04-B9FB-02EC0142914B}.Debug|Any CPU.ActiveCfg = Debug|Any CPU
		{E07166A4-A329-4F04-B9FB-02EC0142914B}.Debug|Any CPU.Build.0 = Debug|Any CPU
		{E07166A4-A329-4F04-B9FB-02EC0142914B}.Debug|x64.ActiveCfg = Debug|Any CPU
		{E07166A4-A329-4F04-B9FB-02EC0142914B}.Debug|x64.Build.0 = Debug|Any CPU
		{E07166A4-A329-4F04-B9FB-02EC0142914B}.Debug|x86.ActiveCfg = Debug|Any CPU
		{E07166A4-A329-4F04-B9FB-02EC0142914B}.Debug|x86.Build.0 = Debug|Any CPU
		{E07166A4-A329-4F04-B9FB-02EC0142914B}.Release|Any CPU.ActiveCfg = Release|Any CPU
		{E07166A4-A329-4F04-B9FB-02EC0142914B}.Release|Any CPU.Build.0 = Release|Any CPU
		{E07166A4-A329-4F04-B9FB-02EC0142914B}.Release|x64.ActiveCfg = Release|Any CPU
		{E07166A4-A329-4F04-B9FB-02EC0142914B}.Release|x64.Build.0 = Release|Any CPU
		{E07166A4-A329-4F04-B9FB-02EC0142914B}.Release|x86.ActiveCfg = Release|Any CPU
		{E07166A4-A329-4F04-B9FB-02EC0142914B}.Release|x86.Build.0 = Release|Any CPU
		{4978F7C3-4C05-47A7-AEE5-99B1B744E393}.Debug|Any CPU.ActiveCfg = Debug|Any CPU
		{4978F7C3-4C05-47A7-AEE5-99B1B744E393}.Debug|Any CPU.Build.0 = Debug|Any CPU
		{4978F7C3-4C05-47A7-AEE5-99B1B744E393}.Debug|x64.ActiveCfg = Debug|Any CPU
		{4978F7C3-4C05-47A7-AEE5-99B1B744E393}.Debug|x64.Build.0 = Debug|Any CPU
		{4978F7C3-4C05-47A7-AEE5-99B1B744E393}.Debug|x86.ActiveCfg = Debug|Any CPU
		{4978F7C3-4C05-47A7-AEE5-99B1B744E393}.Debug|x86.Build.0 = Debug|Any CPU
		{4978F7C3-4C05-47A7-AEE5-99B1B744E393}.Release|Any CPU.ActiveCfg = Release|Any CPU
		{4978F7C3-4C05-47A7-AEE5-99B1B744E393}.Release|Any CPU.Build.0 = Release|Any CPU
		{4978F7C3-4C05-47A7-AEE5-99B1B744E393}.Release|x64.ActiveCfg = Release|Any CPU
		{4978F7C3-4C05-47A7-AEE5-99B1B744E393}.Release|x64.Build.0 = Release|Any CPU
		{4978F7C3-4C05-47A7-AEE5-99B1B744E393}.Release|x86.ActiveCfg = Release|Any CPU
		{4978F7C3-4C05-47A7-AEE5-99B1B744E393}.Release|x86.Build.0 = Release|Any CPU
		{0AD10731-0E27-4A95-9302-77B74D045DF9}.Debug|Any CPU.ActiveCfg = Debug|Any CPU
		{0AD10731-0E27-4A95-9302-77B74D045DF9}.Debug|Any CPU.Build.0 = Debug|Any CPU
		{0AD10731-0E27-4A95-9302-77B74D045DF9}.Debug|x64.ActiveCfg = Debug|Any CPU
		{0AD10731-0E27-4A95-9302-77B74D045DF9}.Debug|x64.Build.0 = Debug|Any CPU
		{0AD10731-0E27-4A95-9302-77B74D045DF9}.Debug|x86.ActiveCfg = Debug|Any CPU
		{0AD10731-0E27-4A95-9302-77B74D045DF9}.Debug|x86.Build.0 = Debug|Any CPU
		{0AD10731-0E27-4A95-9302-77B74D045DF9}.Release|Any CPU.ActiveCfg = Release|Any CPU
		{0AD10731-0E27-4A95-9302-77B74D045DF9}.Release|Any CPU.Build.0 = Release|Any CPU
		{0AD10731-0E27-4A95-9302-77B74D045DF9}.Release|x64.ActiveCfg = Release|Any CPU
		{0AD10731-0E27-4A95-9302-77B74D045DF9}.Release|x64.Build.0 = Release|Any CPU
		{0AD10731-0E27-4A95-9302-77B74D045DF9}.Release|x86.ActiveCfg = Release|Any CPU
		{0AD10731-0E27-4A95-9302-77B74D045DF9}.Release|x86.Build.0 = Release|Any CPU
		{1EF3A8DF-40F1-4374-8DB1-FB94E03D17C0}.Debug|Any CPU.ActiveCfg = Debug|Any CPU
		{1EF3A8DF-40F1-4374-8DB1-FB94E03D17C0}.Debug|Any CPU.Build.0 = Debug|Any CPU
		{1EF3A8DF-40F1-4374-8DB1-FB94E03D17C0}.Debug|x64.ActiveCfg = Debug|Any CPU
		{1EF3A8DF-40F1-4374-8DB1-FB94E03D17C0}.Debug|x64.Build.0 = Debug|Any CPU
		{1EF3A8DF-40F1-4374-8DB1-FB94E03D17C0}.Debug|x86.ActiveCfg = Debug|Any CPU
		{1EF3A8DF-40F1-4374-8DB1-FB94E03D17C0}.Debug|x86.Build.0 = Debug|Any CPU
		{1EF3A8DF-40F1-4374-8DB1-FB94E03D17C0}.Release|Any CPU.ActiveCfg = Release|Any CPU
		{1EF3A8DF-40F1-4374-8DB1-FB94E03D17C0}.Release|Any CPU.Build.0 = Release|Any CPU
		{1EF3A8DF-40F1-4374-8DB1-FB94E03D17C0}.Release|x64.ActiveCfg = Release|Any CPU
		{1EF3A8DF-40F1-4374-8DB1-FB94E03D17C0}.Release|x64.Build.0 = Release|Any CPU
		{1EF3A8DF-40F1-4374-8DB1-FB94E03D17C0}.Release|x86.ActiveCfg = Release|Any CPU
		{1EF3A8DF-40F1-4374-8DB1-FB94E03D17C0}.Release|x86.Build.0 = Release|Any CPU
		{F4828D38-DF9A-4E06-B772-4789B67DFE47}.Debug|Any CPU.ActiveCfg = Debug|Any CPU
		{F4828D38-DF9A-4E06-B772-4789B67DFE47}.Debug|Any CPU.Build.0 = Debug|Any CPU
		{F4828D38-DF9A-4E06-B772-4789B67DFE47}.Debug|x64.ActiveCfg = Debug|Any CPU
		{F4828D38-DF9A-4E06-B772-4789B67DFE47}.Debug|x64.Build.0 = Debug|Any CPU
		{F4828D38-DF9A-4E06-B772-4789B67DFE47}.Debug|x86.ActiveCfg = Debug|Any CPU
		{F4828D38-DF9A-4E06-B772-4789B67DFE47}.Debug|x86.Build.0 = Debug|Any CPU
		{F4828D38-DF9A-4E06-B772-4789B67DFE47}.Release|Any CPU.ActiveCfg = Release|Any CPU
		{F4828D38-DF9A-4E06-B772-4789B67DFE47}.Release|Any CPU.Build.0 = Release|Any CPU
		{F4828D38-DF9A-4E06-B772-4789B67DFE47}.Release|x64.ActiveCfg = Release|Any CPU
		{F4828D38-DF9A-4E06-B772-4789B67DFE47}.Release|x64.Build.0 = Release|Any CPU
		{F4828D38-DF9A-4E06-B772-4789B67DFE47}.Release|x86.ActiveCfg = Release|Any CPU
		{F4828D38-DF9A-4E06-B772-4789B67DFE47}.Release|x86.Build.0 = Release|Any CPU
		{FF500618-EAD4-4E04-8FD2-088EF7EBC013}.Debug|Any CPU.ActiveCfg = Debug|Any CPU
		{FF500618-EAD4-4E04-8FD2-088EF7EBC013}.Debug|Any CPU.Build.0 = Debug|Any CPU
		{FF500618-EAD4-4E04-8FD2-088EF7EBC013}.Debug|x64.ActiveCfg = Debug|Any CPU
		{FF500618-EAD4-4E04-8FD2-088EF7EBC013}.Debug|x64.Build.0 = Debug|Any CPU
		{FF500618-EAD4-4E04-8FD2-088EF7EBC013}.Debug|x86.ActiveCfg = Debug|Any CPU
		{FF500618-EAD4-4E04-8FD2-088EF7EBC013}.Debug|x86.Build.0 = Debug|Any CPU
		{FF500618-EAD4-4E04-8FD2-088EF7EBC013}.Release|Any CPU.ActiveCfg = Release|Any CPU
		{FF500618-EAD4-4E04-8FD2-088EF7EBC013}.Release|Any CPU.Build.0 = Release|Any CPU
		{FF500618-EAD4-4E04-8FD2-088EF7EBC013}.Release|x64.ActiveCfg = Release|Any CPU
		{FF500618-EAD4-4E04-8FD2-088EF7EBC013}.Release|x64.Build.0 = Release|Any CPU
		{FF500618-EAD4-4E04-8FD2-088EF7EBC013}.Release|x86.ActiveCfg = Release|Any CPU
		{FF500618-EAD4-4E04-8FD2-088EF7EBC013}.Release|x86.Build.0 = Release|Any CPU
	EndGlobalSection
	GlobalSection(NestedProjects) = preSolution
		{552B60B8-9E6B-4239-8A98-7E1BDC50891B} = {0342637B-DB22-4387-85DD-ABD2CA23441E}
		{E07166A4-A329-4F04-B9FB-02EC0142914B} = {90C2BCE9-F00B-473B-AD85-00CD8D3B3780}
		{4978F7C3-4C05-47A7-AEE5-99B1B744E393} = {90C2BCE9-F00B-473B-AD85-00CD8D3B3780}
		{0AD10731-0E27-4A95-9302-77B74D045DF9} = {0342637B-DB22-4387-85DD-ABD2CA23441E}
		{1EF3A8DF-40F1-4374-8DB1-FB94E03D17C0} = {0342637B-DB22-4387-85DD-ABD2CA23441E}
		{F4828D38-DF9A-4E06-B772-4789B67DFE47} = {0342637B-DB22-4387-85DD-ABD2CA23441E}
		{FF500618-EAD4-4E04-8FD2-088EF7EBC013} = {90C2BCE9-F00B-473B-AD85-00CD8D3B3780}
	EndGlobalSection
EndGlobal
